version: 5
environments:
  default:
    channels:
    - url: https://conda.anaconda.org/conda-forge/
    packages:
      linux-64:
      - conda: https://conda.anaconda.org/conda-forge/linux-64/_libgcc_mutex-0.1-conda_forge.tar.bz2
      - conda: https://conda.anaconda.org/conda-forge/linux-64/_openmp_mutex-4.5-2_gnu.tar.bz2
      - conda: https://conda.anaconda.org/conda-forge/noarch/amqp-5.2.0-pyhd8ed1ab_1.conda
      - conda: https://conda.anaconda.org/conda-forge/linux-64/backports.zoneinfo-0.2.1-py312h7900ff3_8.conda
      - conda: https://conda.anaconda.org/conda-forge/linux-64/billiard-4.2.0-py312h98912ed_0.conda
      - conda: https://conda.anaconda.org/conda-forge/noarch/boto3-1.34.142-pyhd8ed1ab_0.conda
      - conda: https://conda.anaconda.org/conda-forge/noarch/botocore-1.34.142-pyge310_1234567_0.conda
      - conda: https://conda.anaconda.org/conda-forge/linux-64/brotli-python-1.1.0-py312h30efb56_1.conda
      - conda: https://conda.anaconda.org/conda-forge/linux-64/bzip2-1.0.8-hd590300_5.conda
      - conda: https://conda.anaconda.org/conda-forge/linux-64/ca-certificates-2024.7.4-hbcca054_0.conda
      - conda: https://conda.anaconda.org/conda-forge/noarch/celery-5.3.6-pyhd8ed1ab_0.conda
      - conda: https://conda.anaconda.org/conda-forge/linux-64/cffi-1.16.0-py312hf06ca03_0.conda
      - conda: https://conda.anaconda.org/conda-forge/noarch/click-8.1.7-unix_pyh707e725_0.conda
      - conda: https://conda.anaconda.org/conda-forge/noarch/click-didyoumean-0.3.1-pyhd8ed1ab_0.conda
      - conda: https://conda.anaconda.org/conda-forge/noarch/click-plugins-1.1.1-py_0.tar.bz2
      - conda: https://conda.anaconda.org/conda-forge/noarch/click-repl-0.3.0-pyhd8ed1ab_0.conda
      - conda: https://conda.anaconda.org/conda-forge/noarch/h2-4.1.0-pyhd8ed1ab_0.tar.bz2
      - conda: https://conda.anaconda.org/conda-forge/noarch/hpack-4.0.0-pyh9f0ad1d_0.tar.bz2
      - conda: https://conda.anaconda.org/conda-forge/noarch/hyperframe-6.0.1-pyhd8ed1ab_0.tar.bz2
      - conda: https://conda.anaconda.org/conda-forge/noarch/importlib-metadata-8.0.0-pyha770c72_0.conda
      - conda: https://conda.anaconda.org/conda-forge/noarch/jmespath-1.0.1-pyhd8ed1ab_0.tar.bz2
      - conda: https://conda.anaconda.org/conda-forge/linux-64/kombu-5.3.7-py312h7900ff3_0.conda
      - conda: https://conda.anaconda.org/conda-forge/linux-64/ld_impl_linux-64-2.40-hf3520f5_7.conda
      - conda: https://conda.anaconda.org/conda-forge/linux-64/libexpat-2.6.2-h59595ed_0.conda
      - conda: https://conda.anaconda.org/conda-forge/linux-64/libffi-3.4.2-h7f98852_5.tar.bz2
      - conda: https://conda.anaconda.org/conda-forge/linux-64/libgcc-ng-14.1.0-h77fa898_0.conda
      - conda: https://conda.anaconda.org/conda-forge/linux-64/libgomp-14.1.0-h77fa898_0.conda
      - conda: https://conda.anaconda.org/conda-forge/linux-64/libnsl-2.0.1-hd590300_0.conda
      - conda: https://conda.anaconda.org/conda-forge/linux-64/libsqlite-3.46.0-hde9e2c9_0.conda
      - conda: https://conda.anaconda.org/conda-forge/linux-64/libstdcxx-ng-14.1.0-hc0a3c3a_0.conda
      - conda: https://conda.anaconda.org/conda-forge/linux-64/libuuid-2.38.1-h0b41bf4_0.conda
      - conda: https://conda.anaconda.org/conda-forge/linux-64/libxcrypt-4.4.36-hd590300_1.conda
      - conda: https://conda.anaconda.org/conda-forge/linux-64/libzlib-1.3.1-h4ab18f5_1.conda
      - conda: https://conda.anaconda.org/conda-forge/linux-64/ncurses-6.5-h59595ed_0.conda
      - conda: https://conda.anaconda.org/conda-forge/linux-64/openssl-3.3.1-h4ab18f5_1.conda
      - conda: https://conda.anaconda.org/conda-forge/noarch/prompt-toolkit-3.0.47-pyha770c72_0.conda
      - conda: https://conda.anaconda.org/conda-forge/noarch/prompt_toolkit-3.0.47-hd8ed1ab_0.conda
      - conda: https://conda.anaconda.org/conda-forge/noarch/pycparser-2.22-pyhd8ed1ab_0.conda
      - conda: https://conda.anaconda.org/conda-forge/noarch/pysocks-1.7.1-pyha2e5f31_6.tar.bz2
      - conda: https://conda.anaconda.org/conda-forge/linux-64/python-3.12.4-h194c7f8_0_cpython.conda
      - conda: https://conda.anaconda.org/conda-forge/noarch/python-dateutil-2.9.0-pyhd8ed1ab_0.conda
      - conda: https://conda.anaconda.org/conda-forge/noarch/python-tzdata-2024.1-pyhd8ed1ab_0.conda
      - conda: https://conda.anaconda.org/conda-forge/linux-64/python_abi-3.12-4_cp312.conda
      - conda: https://conda.anaconda.org/conda-forge/linux-64/readline-8.2-h8228510_1.conda
      - conda: https://conda.anaconda.org/conda-forge/noarch/s3transfer-0.10.2-pyhd8ed1ab_0.conda
      - conda: https://conda.anaconda.org/conda-forge/noarch/six-1.16.0-pyh6c4a22f_0.tar.bz2
      - conda: https://conda.anaconda.org/conda-forge/linux-64/tk-8.6.13-noxft_h4845f30_101.conda
      - conda: https://conda.anaconda.org/conda-forge/noarch/tzdata-2024a-h0c530f3_0.conda
      - conda: https://conda.anaconda.org/conda-forge/noarch/urllib3-2.2.2-pyhd8ed1ab_1.conda
      - conda: https://conda.anaconda.org/conda-forge/noarch/vine-5.1.0-pyhd8ed1ab_0.conda
      - conda: https://conda.anaconda.org/conda-forge/noarch/wcwidth-0.2.13-pyhd8ed1ab_0.conda
      - conda: https://conda.anaconda.org/conda-forge/linux-64/xz-5.2.6-h166bdaf_0.tar.bz2
      - conda: https://conda.anaconda.org/conda-forge/noarch/zipp-3.19.2-pyhd8ed1ab_0.conda
      - conda: https://conda.anaconda.org/conda-forge/linux-64/zstandard-0.22.0-py312h5b18bf6_1.conda
      - conda: https://conda.anaconda.org/conda-forge/linux-64/zstd-1.5.6-ha6fb4c9_0.conda
packages:
- kind: conda
  name: _libgcc_mutex
  version: '0.1'
  build: conda_forge
  subdir: linux-64
  url: https://conda.anaconda.org/conda-forge/linux-64/_libgcc_mutex-0.1-conda_forge.tar.bz2
  sha256: fe51de6107f9edc7aa4f786a70f4a883943bc9d39b3bb7307c04c41410990726
  md5: d7c89558ba9fa0495403155b64376d81
  license: None
  size: 2562
  timestamp: 1578324546067
- kind: conda
  name: _openmp_mutex
  version: '4.5'
  build: 2_gnu
  build_number: 16
  subdir: linux-64
  url: https://conda.anaconda.org/conda-forge/linux-64/_openmp_mutex-4.5-2_gnu.tar.bz2
  sha256: fbe2c5e56a653bebb982eda4876a9178aedfc2b545f25d0ce9c4c0b508253d22
  md5: 73aaf86a425cc6e73fcf236a5a46396d
  depends:
  - _libgcc_mutex 0.1 conda_forge
  - libgomp >=7.5.0
  constrains:
  - openmp_impl 9999
  license: BSD-3-Clause
  license_family: BSD
  size: 23621
  timestamp: 1650670423406
- kind: conda
  name: amqp
  version: 5.2.0
  build: pyhd8ed1ab_1
  build_number: 1
  subdir: noarch
  noarch: python
  url: https://conda.anaconda.org/conda-forge/noarch/amqp-5.2.0-pyhd8ed1ab_1.conda
  sha256: d445abfa5580fc4978eae39dd9268379cc6cffdb630108b38b03f0032899bc63
  md5: 23e198e6df09c2c441640f1bcd1c7822
  depends:
  - python >=3.6
  - vine >=5.0.0,<6.0.0
  license: BSD-3-Clause
  license_family: BSD
  size: 47876
  timestamp: 1703885401252
- kind: conda
  name: backports.zoneinfo
  version: 0.2.1
  build: py312h7900ff3_8
  build_number: 8
  subdir: linux-64
  url: https://conda.anaconda.org/conda-forge/linux-64/backports.zoneinfo-0.2.1-py312h7900ff3_8.conda
  sha256: 5a46ad5be0683354238647d9190e03f78369e61041ecd133d767e0a0efcb8dc8
  md5: 67de4422abcd81a451cf69f14e12d7dc
  depends:
  - python >=3.12.0rc3,<3.13.0a0
  - python_abi 3.12.* *_cp312
  license: Apache-2.0
  license_family: APACHE
  size: 6767
  timestamp: 1695531523245
- kind: conda
  name: billiard
  version: 4.2.0
  build: py312h98912ed_0
  subdir: linux-64
  url: https://conda.anaconda.org/conda-forge/linux-64/billiard-4.2.0-py312h98912ed_0.conda
  sha256: 0f995b975398f5a70a6d7f2e4ed6ea04c79e1d0a8457a75ec2d1c724b6297b36
  md5: f8c4501a4d209c2fb186a7a4b7c9250d
  depends:
  - libgcc-ng >=12
  - python >=3.12,<3.13.0a0
  - python_abi 3.12.* *_cp312
  license: BSD-3-Clause
  license_family: BSD
  size: 216062
  timestamp: 1703820170038
- kind: conda
  name: boto3
  version: 1.34.142
  build: pyhd8ed1ab_0
  subdir: noarch
  noarch: python
  url: https://conda.anaconda.org/conda-forge/noarch/boto3-1.34.142-pyhd8ed1ab_0.conda
  sha256: bde8fce670c38ea173ad2cffbee27dd01e79244024cc7b75769466e11a502a68
  md5: 974e31c1c155a3ae63a4067cfab77961
  depends:
  - botocore >=1.34.142,<1.35.0
  - jmespath >=0.7.1,<2.0.0
  - python >=3.8
  - s3transfer >=0.10.0,<0.11.0
  license: Apache-2.0
  license_family: Apache
  size: 80616
  timestamp: 1720609572472
- kind: conda
  name: botocore
  version: 1.34.142
  build: pyge310_1234567_0
  subdir: noarch
  noarch: python
  url: https://conda.anaconda.org/conda-forge/noarch/botocore-1.34.142-pyge310_1234567_0.conda
  sha256: 608688b6be7f1b972984aa22b5fdaaae36796c1cac3589feb06f3a1197e5e61c
  md5: c1574aa96aa3afa05ee264eec9b97a38
  depends:
  - jmespath >=0.7.1,<2.0.0
  - python >=3.10
  - python-dateutil >=2.1,<3.0.0
  - urllib3 >=1.25.4,!=2.2.0,<3
  license: Apache-2.0
  license_family: Apache
  size: 7054222
  timestamp: 1720571772147
- kind: conda
  name: brotli-python
  version: 1.1.0
  build: py312h30efb56_1
  build_number: 1
  subdir: linux-64
  url: https://conda.anaconda.org/conda-forge/linux-64/brotli-python-1.1.0-py312h30efb56_1.conda
  sha256: b68706698b6ac0d31196a8bcb061f0d1f35264bcd967ea45e03e108149a74c6f
  md5: 45801a89533d3336a365284d93298e36
  depends:
  - libgcc-ng >=12
  - libstdcxx-ng >=12
  - python >=3.12.0rc3,<3.13.0a0
  - python_abi 3.12.* *_cp312
  constrains:
  - libbrotlicommon 1.1.0 hd590300_1
  license: MIT
  license_family: MIT
  size: 350604
  timestamp: 1695990206327
- kind: conda
  name: bzip2
  version: 1.0.8
  build: hd590300_5
  build_number: 5
  subdir: linux-64
  url: https://conda.anaconda.org/conda-forge/linux-64/bzip2-1.0.8-hd590300_5.conda
  sha256: 242c0c324507ee172c0e0dd2045814e746bb303d1eb78870d182ceb0abc726a8
  md5: 69b8b6202a07720f448be700e300ccf4
  depends:
  - libgcc-ng >=12
  license: bzip2-1.0.6
  license_family: BSD
  size: 254228
  timestamp: 1699279927352
- kind: conda
  name: ca-certificates
  version: 2024.7.4
  build: hbcca054_0
  subdir: linux-64
  url: https://conda.anaconda.org/conda-forge/linux-64/ca-certificates-2024.7.4-hbcca054_0.conda
  sha256: c1548a3235376f464f9931850b64b02492f379b2f2bb98bc786055329b080446
  md5: 23ab7665c5f63cfb9f1f6195256daac6
  license: ISC
  size: 154853
  timestamp: 1720077432978
- kind: conda
  name: celery
  version: 5.3.6
  build: pyhd8ed1ab_0
  subdir: noarch
  noarch: python
  url: https://conda.anaconda.org/conda-forge/noarch/celery-5.3.6-pyhd8ed1ab_0.conda
  sha256: bafedd098b75f9baf88167e9bbbbd687fbbc0b06b1a056bdb3bf16221e329def
  md5: f3949418e3578d5cbea5df5d32c5b6ff
  depends:
  - backports.zoneinfo >=0.2.1
  - billiard >=4.2.0,<5.0
  - click >=8.1.2,<9.0
  - click-didyoumean >=0.3.0
  - click-plugins >=1.1.1
  - click-repl >=0.2.0
  - importlib-metadata >=3.6
  - kombu >=5.3.4,<6.0
  - python >=3.8
  - python-dateutil >=2.8.2
  - python-tzdata >=2022.7
  - vine >=5.1.0,<6.0
  license: BSD-3-Clause
  license_family: BSD
  size: 510080
  timestamp: 1703906034283
- kind: conda
  name: cffi
  version: 1.16.0
  build: py312hf06ca03_0
  subdir: linux-64
  url: https://conda.anaconda.org/conda-forge/linux-64/cffi-1.16.0-py312hf06ca03_0.conda
  sha256: 5a36e2c254603c367d26378fa3a205bd92263e30acf195f488749562b4c44251
  md5: 56b0ca764ce23cc54f3f7e2a7b970f6d
  depends:
  - libffi >=3.4,<4.0a0
  - libgcc-ng >=12
  - pycparser
  - python >=3.12.0rc3,<3.13.0a0
  - python_abi 3.12.* *_cp312
  license: MIT
  license_family: MIT
  size: 294523
  timestamp: 1696001868949
- kind: conda
  name: click
  version: 8.1.7
  build: unix_pyh707e725_0
  subdir: noarch
  noarch: python
  url: https://conda.anaconda.org/conda-forge/noarch/click-8.1.7-unix_pyh707e725_0.conda
  sha256: f0016cbab6ac4138a429e28dbcb904a90305b34b3fe41a9b89d697c90401caec
  md5: f3ad426304898027fc619827ff428eca
  depends:
  - __unix
  - python >=3.8
  license: BSD-3-Clause
  license_family: BSD
  size: 84437
  timestamp: 1692311973840
- kind: conda
  name: click-didyoumean
  version: 0.3.1
  build: pyhd8ed1ab_0
  subdir: noarch
  noarch: python
  url: https://conda.anaconda.org/conda-forge/noarch/click-didyoumean-0.3.1-pyhd8ed1ab_0.conda
  sha256: 37b40b25c766499c79e5f64fb7c6453c882f9a5dabd262e431c9e68ecd971843
  md5: ab1b094a8471e571b95c208bde719a4a
  depends:
  - click >=7
  - python >=3.6.2,<4.0.0
  license: MIT
  license_family: MIT
  size: 10146
  timestamp: 1711356805136
- kind: conda
  name: click-plugins
  version: 1.1.1
  build: py_0
  subdir: noarch
  noarch: python
  url: https://conda.anaconda.org/conda-forge/noarch/click-plugins-1.1.1-py_0.tar.bz2
  sha256: ddef6e559dde6673ee504b0e29dd814d36e22b6b9b1f519fa856ee268905bf92
  md5: 4fd2c6b53934bd7d96d1f3fdaf99b79f
  depends:
  - click >=3.0
  - python
  license: BSD-3-Clause
  license_family: BSD
  size: 8992
  timestamp: 1554588104889
- kind: conda
  name: click-repl
  version: 0.3.0
  build: pyhd8ed1ab_0
  subdir: noarch
  noarch: python
  url: https://conda.anaconda.org/conda-forge/noarch/click-repl-0.3.0-pyhd8ed1ab_0.conda
  sha256: 69c16e0b89e1fb4fc444af4798ef1222b3075d074cbcbe70b9af793668200a14
  md5: 27eb8f68250666c1a19d1b6ec9d12c4e
  depends:
  - click
  - prompt_toolkit
  - python >=3.6
  - six
  license: MIT
  license_family: MIT
  size: 15319
  timestamp: 1694959586805
- kind: conda
  name: h2
  version: 4.1.0
  build: pyhd8ed1ab_0
  subdir: noarch
  noarch: python
  url: https://conda.anaconda.org/conda-forge/noarch/h2-4.1.0-pyhd8ed1ab_0.tar.bz2
  sha256: bfc6a23849953647f4e255c782e74a0e18fe16f7e25c7bb0bc57b83bb6762c7a
  md5: b748fbf7060927a6e82df7cb5ee8f097
  depends:
  - hpack >=4.0,<5
  - hyperframe >=6.0,<7
  - python >=3.6.1
  license: MIT
  license_family: MIT
  size: 46754
  timestamp: 1634280590080
- kind: conda
  name: hpack
  version: 4.0.0
  build: pyh9f0ad1d_0
  subdir: noarch
  noarch: python
  url: https://conda.anaconda.org/conda-forge/noarch/hpack-4.0.0-pyh9f0ad1d_0.tar.bz2
  sha256: 5dec948932c4f740674b1afb551223ada0c55103f4c7bf86a110454da3d27cb8
  md5: 914d6646c4dbb1fd3ff539830a12fd71
  depends:
  - python
  license: MIT
  license_family: MIT
  size: 25341
  timestamp: 1598856368685
- kind: conda
  name: hyperframe
  version: 6.0.1
  build: pyhd8ed1ab_0
  subdir: noarch
  noarch: python
  url: https://conda.anaconda.org/conda-forge/noarch/hyperframe-6.0.1-pyhd8ed1ab_0.tar.bz2
  sha256: e374a9d0f53149328134a8d86f5d72bca4c6dcebed3c0ecfa968c02996289330
  md5: 9f765cbfab6870c8435b9eefecd7a1f4
  depends:
  - python >=3.6
  license: MIT
  license_family: MIT
  size: 14646
  timestamp: 1619110249723
- kind: conda
  name: importlib-metadata
  version: 8.0.0
  build: pyha770c72_0
  subdir: noarch
  noarch: python
  url: https://conda.anaconda.org/conda-forge/noarch/importlib-metadata-8.0.0-pyha770c72_0.conda
  sha256: e40d7e71c37ec95df9a19d39f5bb7a567c325be3ccde06290a71400aab719cac
  md5: 3286556cdd99048d198f72c3f6f69103
  depends:
  - python >=3.8
  - zipp >=0.5
  license: Apache-2.0
  license_family: APACHE
  size: 27367
  timestamp: 1719361971438
- kind: conda
  name: jmespath
  version: 1.0.1
  build: pyhd8ed1ab_0
  subdir: noarch
  noarch: python
  url: https://conda.anaconda.org/conda-forge/noarch/jmespath-1.0.1-pyhd8ed1ab_0.tar.bz2
  sha256: 95ac5f9ee95fd4e34dc051746fc86016d3d4f6abefed113e2ede049d59ec2991
  md5: 2cfa3e1cf3fb51bb9b17acc5b5e9ea11
  depends:
  - python >=3.7
  license: MIT
  license_family: MIT
  size: 21003
  timestamp: 1655568358125
- kind: conda
  name: kombu
  version: 5.3.7
  build: py312h7900ff3_0
  subdir: linux-64
  url: https://conda.anaconda.org/conda-forge/linux-64/kombu-5.3.7-py312h7900ff3_0.conda
  sha256: 23bb9657e487427c6dbf917481b1ddfe23c615195b52b67742374f96decdf4d1
  md5: f6f03bc305b1bade17ec8710dd06bb66
  depends:
  - amqp >=5.1.1,<6.0.0
  - boto3 >=1.26.143
  - python >=3.12,<3.13.0a0
  - python_abi 3.12.* *_cp312
  - vine
  license: BSD-3-Clause
  license_family: BSD
  size: 398520
  timestamp: 1712847913693
- kind: conda
  name: ld_impl_linux-64
  version: '2.40'
  build: hf3520f5_7
  build_number: 7
  subdir: linux-64
  url: https://conda.anaconda.org/conda-forge/linux-64/ld_impl_linux-64-2.40-hf3520f5_7.conda
  sha256: 764b6950aceaaad0c67ef925417594dd14cd2e22fff864aeef455ac259263d15
  md5: b80f2f396ca2c28b8c14c437a4ed1e74
  constrains:
  - binutils_impl_linux-64 2.40
  license: GPL-3.0-only
  license_family: GPL
  size: 707602
  timestamp: 1718625640445
- kind: conda
  name: libexpat
  version: 2.6.2
  build: h59595ed_0
  subdir: linux-64
  url: https://conda.anaconda.org/conda-forge/linux-64/libexpat-2.6.2-h59595ed_0.conda
  sha256: 331bb7c7c05025343ebd79f86ae612b9e1e74d2687b8f3179faec234f986ce19
  md5: e7ba12deb7020dd080c6c70e7b6f6a3d
  depends:
  - libgcc-ng >=12
  constrains:
  - expat 2.6.2.*
  license: MIT
  license_family: MIT
  size: 73730
  timestamp: 1710362120304
- kind: conda
  name: libffi
  version: 3.4.2
  build: h7f98852_5
  build_number: 5
  subdir: linux-64
  url: https://conda.anaconda.org/conda-forge/linux-64/libffi-3.4.2-h7f98852_5.tar.bz2
  sha256: ab6e9856c21709b7b517e940ae7028ae0737546122f83c2aa5d692860c3b149e
  md5: d645c6d2ac96843a2bfaccd2d62b3ac3
  depends:
  - libgcc-ng >=9.4.0
  license: MIT
  license_family: MIT
  size: 58292
  timestamp: 1636488182923
- kind: conda
  name: libgcc-ng
  version: 14.1.0
  build: h77fa898_0
  subdir: linux-64
  url: https://conda.anaconda.org/conda-forge/linux-64/libgcc-ng-14.1.0-h77fa898_0.conda
  sha256: b8e869ac96591cda2704bf7e77a301025e405227791a0bddf14a3dac65125538
  md5: ca0fad6a41ddaef54a153b78eccb5037
  depends:
  - _libgcc_mutex 0.1 conda_forge
  - _openmp_mutex >=4.5
  constrains:
  - libgomp 14.1.0 h77fa898_0
  license: GPL-3.0-only WITH GCC-exception-3.1
  license_family: GPL
  size: 842109
  timestamp: 1719538896937
- kind: conda
  name: libgomp
  version: 14.1.0
  build: h77fa898_0
  subdir: linux-64
  url: https://conda.anaconda.org/conda-forge/linux-64/libgomp-14.1.0-h77fa898_0.conda
  sha256: 7699df61a1f6c644b3576a40f54791561f2845983120477a16116b951c9cdb05
  md5: ae061a5ed5f05818acdf9adab72c146d
  depends:
  - _libgcc_mutex 0.1 conda_forge
  license: GPL-3.0-only WITH GCC-exception-3.1
  license_family: GPL
  size: 456925
  timestamp: 1719538796073
- kind: conda
  name: libnsl
  version: 2.0.1
  build: hd590300_0
  subdir: linux-64
  url: https://conda.anaconda.org/conda-forge/linux-64/libnsl-2.0.1-hd590300_0.conda
  sha256: 26d77a3bb4dceeedc2a41bd688564fe71bf2d149fdcf117049970bc02ff1add6
  md5: 30fd6e37fe21f86f4bd26d6ee73eeec7
  depends:
  - libgcc-ng >=12
  license: LGPL-2.1-only
  license_family: GPL
  size: 33408
  timestamp: 1697359010159
- kind: conda
  name: libsqlite
  version: 3.46.0
  build: hde9e2c9_0
  subdir: linux-64
  url: https://conda.anaconda.org/conda-forge/linux-64/libsqlite-3.46.0-hde9e2c9_0.conda
  sha256: daee3f68786231dad457d0dfde3f7f1f9a7f2018adabdbb864226775101341a8
  md5: 18aa975d2094c34aef978060ae7da7d8
  depends:
  - libgcc-ng >=12
  - libzlib >=1.2.13,<2.0a0
  license: Unlicense
  size: 865346
  timestamp: 1718050628718
- kind: conda
  name: libstdcxx-ng
  version: 14.1.0
  build: hc0a3c3a_0
  subdir: linux-64
  url: https://conda.anaconda.org/conda-forge/linux-64/libstdcxx-ng-14.1.0-hc0a3c3a_0.conda
  sha256: 88c42b388202ffe16adaa337e36cf5022c63cf09b0405cf06fc6aeacccbe6146
  md5: 1cb187a157136398ddbaae90713e2498
  depends:
  - libgcc-ng 14.1.0 h77fa898_0
  license: GPL-3.0-only WITH GCC-exception-3.1
  license_family: GPL
  size: 3881307
  timestamp: 1719538923443
- kind: conda
  name: libuuid
  version: 2.38.1
  build: h0b41bf4_0
  subdir: linux-64
  url: https://conda.anaconda.org/conda-forge/linux-64/libuuid-2.38.1-h0b41bf4_0.conda
  sha256: 787eb542f055a2b3de553614b25f09eefb0a0931b0c87dbcce6efdfd92f04f18
  md5: 40b61aab5c7ba9ff276c41cfffe6b80b
  depends:
  - libgcc-ng >=12
  license: BSD-3-Clause
  license_family: BSD
  size: 33601
  timestamp: 1680112270483
- kind: conda
  name: libxcrypt
  version: 4.4.36
  build: hd590300_1
  build_number: 1
  subdir: linux-64
  url: https://conda.anaconda.org/conda-forge/linux-64/libxcrypt-4.4.36-hd590300_1.conda
  sha256: 6ae68e0b86423ef188196fff6207ed0c8195dd84273cb5623b85aa08033a410c
  md5: 5aa797f8787fe7a17d1b0821485b5adc
  depends:
  - libgcc-ng >=12
  license: LGPL-2.1-or-later
  size: 100393
  timestamp: 1702724383534
- kind: conda
  name: libzlib
  version: 1.3.1
  build: h4ab18f5_1
  build_number: 1
  subdir: linux-64
  url: https://conda.anaconda.org/conda-forge/linux-64/libzlib-1.3.1-h4ab18f5_1.conda
  sha256: adf6096f98b537a11ae3729eaa642b0811478f0ea0402ca67b5108fe2cb0010d
  md5: 57d7dc60e9325e3de37ff8dffd18e814
  depends:
  - libgcc-ng >=12
  constrains:
  - zlib 1.3.1 *_1
  license: Zlib
  license_family: Other
  size: 61574
  timestamp: 1716874187109
- kind: conda
  name: ncurses
  version: '6.5'
  build: h59595ed_0
  subdir: linux-64
  url: https://conda.anaconda.org/conda-forge/linux-64/ncurses-6.5-h59595ed_0.conda
  sha256: 4fc3b384f4072b68853a0013ea83bdfd3d66b0126e2238e1d6e1560747aa7586
  md5: fcea371545eda051b6deafb24889fc69
  depends:
  - libgcc-ng >=12
  license: X11 AND BSD-3-Clause
  size: 887465
  timestamp: 1715194722503
- kind: conda
  name: openssl
  version: 3.3.1
  build: h4ab18f5_1
  build_number: 1
  subdir: linux-64
  url: https://conda.anaconda.org/conda-forge/linux-64/openssl-3.3.1-h4ab18f5_1.conda
  sha256: ff3faf8d4c1c9aa4bd3263b596a68fcc6ac910297f354b2ce28718a3509db6d9
  md5: b1e9d076f14e8d776213fd5047b4c3d9
  depends:
  - ca-certificates
  - libgcc-ng >=12
  constrains:
  - pyopenssl >=22.1
  license: Apache-2.0
  license_family: Apache
  size: 2896610
  timestamp: 1719363957188
- kind: conda
  name: prompt-toolkit
  version: 3.0.47
  build: pyha770c72_0
  subdir: noarch
  noarch: python
  url: https://conda.anaconda.org/conda-forge/noarch/prompt-toolkit-3.0.47-pyha770c72_0.conda
  sha256: d93ac5853e398aaa10f0dd7addd64b411f94ace1f9104d619cd250e19a5ac5b4
  md5: 1247c861065d227781231950e14fe817
  depends:
  - python >=3.7
  - wcwidth
  constrains:
  - prompt_toolkit 3.0.47
  license: BSD-3-Clause
  license_family: BSD
  size: 270710
  timestamp: 1718048095491
- kind: conda
  name: prompt_toolkit
  version: 3.0.47
  build: hd8ed1ab_0
  subdir: noarch
  noarch: generic
  url: https://conda.anaconda.org/conda-forge/noarch/prompt_toolkit-3.0.47-hd8ed1ab_0.conda
  sha256: 081ef6c9fbc280940c8d65683371795a8876cd4994b3fbdd0ccda7cc3ee87f74
  md5: 3e0c82ddcfe27eb4ae77f887cfd9f45b
  depends:
  - prompt-toolkit >=3.0.47,<3.0.48.0a0
  license: BSD-3-Clause
  license_family: BSD
  size: 6784
  timestamp: 1718048101184
- kind: conda
  name: pycparser
  version: '2.22'
  build: pyhd8ed1ab_0
  subdir: noarch
  noarch: python
  url: https://conda.anaconda.org/conda-forge/noarch/pycparser-2.22-pyhd8ed1ab_0.conda
  sha256: 406001ebf017688b1a1554b49127ca3a4ac4626ec0fd51dc75ffa4415b720b64
  md5: 844d9eb3b43095b031874477f7d70088
  depends:
  - python >=3.8
  license: BSD-3-Clause
  license_family: BSD
  size: 105098
  timestamp: 1711811634025
- kind: conda
  name: pysocks
  version: 1.7.1
  build: pyha2e5f31_6
  build_number: 6
  subdir: noarch
  noarch: python
  url: https://conda.anaconda.org/conda-forge/noarch/pysocks-1.7.1-pyha2e5f31_6.tar.bz2
  sha256: a42f826e958a8d22e65b3394f437af7332610e43ee313393d1cf143f0a2d274b
  md5: 2a7de29fb590ca14b5243c4c812c8025
  depends:
  - __unix
  - python >=3.8
  license: BSD-3-Clause
  license_family: BSD
  size: 18981
  timestamp: 1661604969727
- kind: conda
  name: python
  version: 3.12.4
  build: h194c7f8_0_cpython
  subdir: linux-64
  url: https://conda.anaconda.org/conda-forge/linux-64/python-3.12.4-h194c7f8_0_cpython.conda
  sha256: 97a78631e6c928bf7ad78d52f7f070fcf3bd37619fa48dc4394c21cf3058cdee
  md5: d73490214f536cccb5819e9873048c92
  depends:
  - bzip2 >=1.0.8,<2.0a0
  - ld_impl_linux-64 >=2.36.1
  - libexpat >=2.6.2,<3.0a0
  - libffi >=3.4,<4.0a0
  - libgcc-ng >=12
  - libnsl >=2.0.1,<2.1.0a0
  - libsqlite >=3.46.0,<4.0a0
  - libuuid >=2.38.1,<3.0a0
  - libxcrypt >=4.4.36
  - libzlib >=1.3.1,<2.0a0
  - ncurses >=6.5,<7.0a0
  - openssl >=3.3.1,<4.0a0
  - readline >=8.2,<9.0a0
  - tk >=8.6.13,<8.7.0a0
  - tzdata
  - xz >=5.2.6,<6.0a0
  constrains:
  - python_abi 3.12.* *_cp312
  license: Python-2.0
  size: 32073625
  timestamp: 1718621771849
- kind: conda
  name: python-dateutil
  version: 2.9.0
  build: pyhd8ed1ab_0
  subdir: noarch
  noarch: python
  url: https://conda.anaconda.org/conda-forge/noarch/python-dateutil-2.9.0-pyhd8ed1ab_0.conda
  sha256: f3ceef02ac164a8d3a080d0d32f8e2ebe10dd29e3a685d240e38b3599e146320
  md5: 2cf4264fffb9e6eff6031c5b6884d61c
  depends:
  - python >=3.7
  - six >=1.5
  license: Apache-2.0
  license_family: APACHE
  size: 222742
  timestamp: 1709299922152
- kind: conda
  name: python-tzdata
  version: '2024.1'
  build: pyhd8ed1ab_0
  subdir: noarch
  noarch: python
  url: https://conda.anaconda.org/conda-forge/noarch/python-tzdata-2024.1-pyhd8ed1ab_0.conda
  sha256: 9da9a849d53705dee450b83507df1ca8ffea5f83bd21a215202221f1c492f8ad
  md5: 98206ea9954216ee7540f0c773f2104d
  depends:
  - python >=3.6
  license: Apache-2.0
  license_family: APACHE
  size: 144024
  timestamp: 1707747742930
- kind: conda
  name: python_abi
  version: '3.12'
  build: 4_cp312
  build_number: 4
  subdir: linux-64
  url: https://conda.anaconda.org/conda-forge/linux-64/python_abi-3.12-4_cp312.conda
  sha256: 182a329de10a4165f6e8a3804caf751f918f6ea6176dd4e5abcdae1ed3095bf6
  md5: dccc2d142812964fcc6abdc97b672dff
  constrains:
  - python 3.12.* *_cpython
  license: BSD-3-Clause
  license_family: BSD
  size: 6385
  timestamp: 1695147396604
- kind: conda
  name: readline
  version: '8.2'
  build: h8228510_1
  build_number: 1
  subdir: linux-64
  url: https://conda.anaconda.org/conda-forge/linux-64/readline-8.2-h8228510_1.conda
  sha256: 5435cf39d039387fbdc977b0a762357ea909a7694d9528ab40f005e9208744d7
  md5: 47d31b792659ce70f470b5c82fdfb7a4
  depends:
  - libgcc-ng >=12
  - ncurses >=6.3,<7.0a0
  license: GPL-3.0-only
  license_family: GPL
  size: 281456
  timestamp: 1679532220005
- kind: conda
  name: s3transfer
  version: 0.10.2
  build: pyhd8ed1ab_0
  subdir: noarch
  noarch: python
  url: https://conda.anaconda.org/conda-forge/noarch/s3transfer-0.10.2-pyhd8ed1ab_0.conda
  sha256: aea88a1be4be3d71ebb4c10ecdadcfa852115e9071c36c063fa315319fb25cae
  md5: 80f00f9033aee2358171207746e09ea0
  depends:
  - botocore >=1.33.2,<2.0a.0
  - python >=3.8
  license: Apache-2.0
  license_family: Apache
  size: 62933
  timestamp: 1719300262364
- kind: conda
  name: six
  version: 1.16.0
  build: pyh6c4a22f_0
  subdir: noarch
  noarch: python
  url: https://conda.anaconda.org/conda-forge/noarch/six-1.16.0-pyh6c4a22f_0.tar.bz2
  sha256: a85c38227b446f42c5b90d9b642f2c0567880c15d72492d8da074a59c8f91dd6
  md5: e5f25f8dbc060e9a8d912e432202afc2
  depends:
  - python
  license: MIT
  license_family: MIT
  size: 14259
  timestamp: 1620240338595
- kind: conda
  name: tk
  version: 8.6.13
  build: noxft_h4845f30_101
  build_number: 101
  subdir: linux-64
  url: https://conda.anaconda.org/conda-forge/linux-64/tk-8.6.13-noxft_h4845f30_101.conda
  sha256: e0569c9caa68bf476bead1bed3d79650bb080b532c64a4af7d8ca286c08dea4e
  md5: d453b98d9c83e71da0741bb0ff4d76bc
  depends:
  - libgcc-ng >=12
  - libzlib >=1.2.13,<2.0.0a0
  license: TCL
  license_family: BSD
  size: 3318875
  timestamp: 1699202167581
- kind: conda
  name: tzdata
  version: 2024a
  build: h0c530f3_0
  subdir: noarch
  noarch: generic
  url: https://conda.anaconda.org/conda-forge/noarch/tzdata-2024a-h0c530f3_0.conda
  sha256: 7b2b69c54ec62a243eb6fba2391b5e443421608c3ae5dbff938ad33ca8db5122
  md5: 161081fc7cec0bfda0d86d7cb595f8d8
  license: LicenseRef-Public-Domain
  size: 119815
  timestamp: 1706886945727
- kind: conda
  name: urllib3
  version: 2.2.2
  build: pyhd8ed1ab_1
  build_number: 1
  subdir: noarch
  noarch: python
  url: https://conda.anaconda.org/conda-forge/noarch/urllib3-2.2.2-pyhd8ed1ab_1.conda
  sha256: 00c47c602c03137e7396f904eccede8cc64cc6bad63ce1fc355125df8882a748
  md5: e804c43f58255e977093a2298e442bb8
  depends:
  - brotli-python >=1.0.9
  - h2 >=4,<5
  - pysocks >=1.5.6,<2.0,!=1.5.7
  - python >=3.8
  - zstandard >=0.18.0
  license: MIT
  license_family: MIT
  size: 95048
  timestamp: 1719391384778
- kind: conda
  name: vine
  version: 5.1.0
  build: pyhd8ed1ab_0
  subdir: noarch
  noarch: python
  url: https://conda.anaconda.org/conda-forge/noarch/vine-5.1.0-pyhd8ed1ab_0.conda
  sha256: 95a819731659de391ee084d68a1bdee56a5a16d0db95783c6cf115638d372215
  md5: af71debe5f1819b065c0ba2b062ae81c
  depends:
  - python >=3.6
  license: BSD-3-Clause
  license_family: BSD
  size: 14694
  timestamp: 1699264930336
- kind: conda
  name: wcwidth
  version: 0.2.13
  build: pyhd8ed1ab_0
  subdir: noarch
  noarch: python
  url: https://conda.anaconda.org/conda-forge/noarch/wcwidth-0.2.13-pyhd8ed1ab_0.conda
  sha256: b6cd2fee7e728e620ec736d8dfee29c6c9e2adbd4e695a31f1d8f834a83e57e3
  md5: 68f0738df502a14213624b288c60c9ad
  depends:
  - python >=3.8
  license: MIT
  license_family: MIT
  size: 32709
  timestamp: 1704731373922
- kind: conda
  name: xz
  version: 5.2.6
  build: h166bdaf_0
  subdir: linux-64
  url: https://conda.anaconda.org/conda-forge/linux-64/xz-5.2.6-h166bdaf_0.tar.bz2
  sha256: 03a6d28ded42af8a347345f82f3eebdd6807a08526d47899a42d62d319609162
  md5: 2161070d867d1b1204ea749c8eec4ef0
  depends:
  - libgcc-ng >=12
  license: LGPL-2.1 and GPL-2.0
  size: 418368
  timestamp: 1660346797927
- kind: conda
  name: zipp
  version: 3.19.2
  build: pyhd8ed1ab_0
  subdir: noarch
  noarch: python
  url: https://conda.anaconda.org/conda-forge/noarch/zipp-3.19.2-pyhd8ed1ab_0.conda
  sha256: e3e9c8501f581bfdc4700b83ea283395e237ec6b9b5cbfbedb556e1da6f4fdc9
  md5: 49808e59df5535116f6878b2a820d6f4
  depends:
  - python >=3.8
  license: MIT
  license_family: MIT
  size: 20917
  timestamp: 1718013395428
- kind: conda
  name: zstandard
  version: 0.22.0
  build: py312h5b18bf6_1
  build_number: 1
  subdir: linux-64
  url: https://conda.anaconda.org/conda-forge/linux-64/zstandard-0.22.0-py312h5b18bf6_1.conda
  sha256: 3bd22e769ea6bf2c9f59cc9905b9b43058208bde1ecca9d9f656ecd834c137d0
  md5: 27fe79bbc4dd3767be554fb171df362c
  depends:
  - cffi >=1.11
  - libgcc-ng >=12
  - python >=3.12,<3.13.0a0
  - python_abi 3.12.* *_cp312
  - zstd >=1.5.6,<1.5.7.0a0
  - zstd >=1.5.6,<1.6.0a0
  license: BSD-3-Clause
  license_family: BSD
  size: 415366
  timestamp: 1718866454481
- kind: conda
  name: zstd
  version: 1.5.6
  build: ha6fb4c9_0
  subdir: linux-64
  url: https://conda.anaconda.org/conda-forge/linux-64/zstd-1.5.6-ha6fb4c9_0.conda
  sha256: c558b9cc01d9c1444031bd1ce4b9cff86f9085765f17627a6cd85fc623c8a02b
  md5: 4d056880988120e29d75bfff282e0f45
  depends:
  - libgcc-ng >=12
  - libstdcxx-ng >=12
  - libzlib >=1.2.13,<2.0.0a0
  license: BSD-3-Clause
  license_family: BSD
  size: 554846
  timestamp: 1714722996770
